
Microsoft Visual Studio Solution File, Format Version 12.00
# Visual Studio Version 17
VisualStudioVersion = 17.6.33815.320
MinimumVisualStudioVersion = 10.0.40219.1
Project("{FAE04EC0-301F-11D3-BF4B-00C04F79EFBC}") = "Blood_Management", "Blood_Management.csproj", "{AB89B7E9-A410-4DC2-9E0C-004357D8B7ED}"
EndProject
Global
	GlobalSection(SolutionConfigurationPlatforms) = preSolution
		Debug|Any CPU = Debug|Any CPU
		Release|Any CPU = Release|Any CPU
	EndGlobalSection
	GlobalSection(ProjectConfigurationPlatforms) = postSolution
		{AB89B7E9-A410-4DC2-9E0C-004357D8B7ED}.Debug|Any CPU.ActiveCfg = Debug|Any CPU
		{AB89B7E9-A410-4DC2-9E0C-004357D8B7ED}.Debug|Any CPU.Build.0 = Debug|Any CPU
		{AB89B7E9-A410-4DC2-9E0C-004357D8B7ED}.Release|Any CPU.ActiveCfg = Release|Any CPU
		{AB89B7E9-A410-4DC2-9E0C-004357D8B7ED}.Release|Any CPU.Build.0 = Release|Any CPU
	EndGlobalSection
	GlobalSection(SolutionProperties) = preSolution
		HideSolutionNode = FALSE
	EndGlobalSection
	GlobalSection(ExtensibilityGlobals) = postSolution
		SolutionGuid = {A49AE9CE-67E4-4EE4-9C86-605A9B6E2BB0}
	EndGlobalSection
EndGlobal
